# generated by rye
# use `rye lock` or `rye sync` to update this lockfile
#
# last locked with the following flags:
#   pre: false
#   features: []
#   all-features: false
#   with-sources: false
#   generate-hashes: false
#   universal: false

-e file:.
aiofiles==0.6.0
    # via otree
click==7.1.2
    # via uvicorn
h11==0.16.0
    # via uvicorn
itsdangerous==1.1.0
    # via otree
markupsafe==1.1.1
    # via otree
    # via wtforms
otree==5.11.2
    # via marketruns
python-multipart==0.0.5
    # via otree
six==1.17.0
    # via python-multipart
sqlalchemy==1.3.22
    # via otree
    # via wtforms-sqlalchemy
starlette==0.14.1
    # via otree
uvicorn==0.13.4
    # via otree
websockets==10.1
    # via otree
wtforms==2.3.3
    # via otree
    # via wtforms-sqlalchemy
wtforms-sqlalchemy==0.2
    # via otree
